
Microsoft Visual Studio Solution File, Format Version 12.00
# Visual Studio 2012
Project("{FAE04EC0-301F-11D3-BF4B-00C04F79EFBC}") = "XamarinOffice365", "XamarinOffice365\XamarinOffice365.csproj", "{477B1930-7479-474B-BB63-1A5270F5D042}"
EndProject
Project("{FAE04EC0-301F-11D3-BF4B-00C04F79EFBC}") = "XamarinOffice365.iOS", "iOS\XamarinOffice365.iOS.csproj", "{AB307241-664D-42A5-BDE6-260EAF6A7240}"
EndProject
Project("{FAE04EC0-301F-11D3-BF4B-00C04F79EFBC}") = "XamarinOffice365.Droid", "Droid\XamarinOffice365.Droid.csproj", "{C183728C-FD35-442F-BA76-37CE9731EAE4}"
EndProject
Project("{FAE04EC0-301F-11D3-BF4B-00C04F79EFBC}") = "XamarinOffice365.UITests", "UITests\XamarinOffice365.UITests.csproj", "{8BCD7325-063D-4000-A09D-5C61A9190BDB}"
EndProject
Global
	GlobalSection(SolutionConfigurationPlatforms) = preSolution
		Debug|Any CPU = Debug|Any CPU
		Release|Any CPU = Release|Any CPU
		Debug|iPhoneSimulator = Debug|iPhoneSimulator
		Release|iPhone = Release|iPhone
		Release|iPhoneSimulator = Release|iPhoneSimulator
		Debug|iPhone = Debug|iPhone
	EndGlobalSection
	GlobalSection(ProjectConfigurationPlatforms) = postSolution
		{477B1930-7479-474B-BB63-1A5270F5D042}.Debug|Any CPU.ActiveCfg = Debug|Any CPU
		{477B1930-7479-474B-BB63-1A5270F5D042}.Debug|Any CPU.Build.0 = Debug|Any CPU
		{477B1930-7479-474B-BB63-1A5270F5D042}.Debug|iPhone.ActiveCfg = Debug|Any CPU
		{477B1930-7479-474B-BB63-1A5270F5D042}.Debug|iPhone.Build.0 = Debug|Any CPU
		{477B1930-7479-474B-BB63-1A5270F5D042}.Debug|iPhoneSimulator.ActiveCfg = Debug|Any CPU
		{477B1930-7479-474B-BB63-1A5270F5D042}.Debug|iPhoneSimulator.Build.0 = Debug|Any CPU
		{477B1930-7479-474B-BB63-1A5270F5D042}.Release|Any CPU.ActiveCfg = Release|Any CPU
		{477B1930-7479-474B-BB63-1A5270F5D042}.Release|Any CPU.Build.0 = Release|Any CPU
		{477B1930-7479-474B-BB63-1A5270F5D042}.Release|iPhone.ActiveCfg = Release|Any CPU
		{477B1930-7479-474B-BB63-1A5270F5D042}.Release|iPhone.Build.0 = Release|Any CPU
		{477B1930-7479-474B-BB63-1A5270F5D042}.Release|iPhoneSimulator.ActiveCfg = Release|Any CPU
		{477B1930-7479-474B-BB63-1A5270F5D042}.Release|iPhoneSimulator.Build.0 = Release|Any CPU
		{8BCD7325-063D-4000-A09D-5C61A9190BDB}.Debug|Any CPU.ActiveCfg = Debug|Any CPU
		{8BCD7325-063D-4000-A09D-5C61A9190BDB}.Debug|Any CPU.Build.0 = Debug|Any CPU
		{8BCD7325-063D-4000-A09D-5C61A9190BDB}.Debug|iPhone.ActiveCfg = Debug|Any CPU
		{8BCD7325-063D-4000-A09D-5C61A9190BDB}.Debug|iPhone.Build.0 = Debug|Any CPU
		{8BCD7325-063D-4000-A09D-5C61A9190BDB}.Debug|iPhoneSimulator.ActiveCfg = Debug|Any CPU
		{8BCD7325-063D-4000-A09D-5C61A9190BDB}.Debug|iPhoneSimulator.Build.0 = Debug|Any CPU
		{8BCD7325-063D-4000-A09D-5C61A9190BDB}.Release|Any CPU.ActiveCfg = Release|Any CPU
		{8BCD7325-063D-4000-A09D-5C61A9190BDB}.Release|Any CPU.Build.0 = Release|Any CPU
		{8BCD7325-063D-4000-A09D-5C61A9190BDB}.Release|iPhone.ActiveCfg = Release|Any CPU
		{8BCD7325-063D-4000-A09D-5C61A9190BDB}.Release|iPhone.Build.0 = Release|Any CPU
		{8BCD7325-063D-4000-A09D-5C61A9190BDB}.Release|iPhoneSimulator.ActiveCfg = Release|Any CPU
		{8BCD7325-063D-4000-A09D-5C61A9190BDB}.Release|iPhoneSimulator.Build.0 = Release|Any CPU
		{AB307241-664D-42A5-BDE6-260EAF6A7240}.Debug|Any CPU.ActiveCfg = Debug|iPhoneSimulator
		{AB307241-664D-42A5-BDE6-260EAF6A7240}.Debug|Any CPU.Build.0 = Debug|iPhoneSimulator
		{AB307241-664D-42A5-BDE6-260EAF6A7240}.Debug|iPhone.ActiveCfg = Debug|iPhone
		{AB307241-664D-42A5-BDE6-260EAF6A7240}.Debug|iPhone.Build.0 = Debug|iPhone
		{AB307241-664D-42A5-BDE6-260EAF6A7240}.Debug|iPhoneSimulator.ActiveCfg = Debug|iPhoneSimulator
		{AB307241-664D-42A5-BDE6-260EAF6A7240}.Debug|iPhoneSimulator.Build.0 = Debug|iPhoneSimulator
		{AB307241-664D-42A5-BDE6-260EAF6A7240}.Release|Any CPU.ActiveCfg = Release|iPhone
		{AB307241-664D-42A5-BDE6-260EAF6A7240}.Release|Any CPU.Build.0 = Release|iPhone
		{AB307241-664D-42A5-BDE6-260EAF6A7240}.Release|iPhone.ActiveCfg = Release|iPhone
		{AB307241-664D-42A5-BDE6-260EAF6A7240}.Release|iPhone.Build.0 = Release|iPhone
		{AB307241-664D-42A5-BDE6-260EAF6A7240}.Release|iPhoneSimulator.ActiveCfg = Release|iPhoneSimulator
		{AB307241-664D-42A5-BDE6-260EAF6A7240}.Release|iPhoneSimulator.Build.0 = Release|iPhoneSimulator
		{C183728C-FD35-442F-BA76-37CE9731EAE4}.Debug|Any CPU.ActiveCfg = Debug|Any CPU
		{C183728C-FD35-442F-BA76-37CE9731EAE4}.Debug|Any CPU.Build.0 = Debug|Any CPU
		{C183728C-FD35-442F-BA76-37CE9731EAE4}.Debug|iPhone.ActiveCfg = Debug|Any CPU
		{C183728C-FD35-442F-BA76-37CE9731EAE4}.Debug|iPhone.Build.0 = Debug|Any CPU
		{C183728C-FD35-442F-BA76-37CE9731EAE4}.Debug|iPhoneSimulator.ActiveCfg = Debug|Any CPU
		{C183728C-FD35-442F-BA76-37CE9731EAE4}.Debug|iPhoneSimulator.Build.0 = Debug|Any CPU
		{C183728C-FD35-442F-BA76-37CE9731EAE4}.Release|Any CPU.ActiveCfg = Release|Any CPU
		{C183728C-FD35-442F-BA76-37CE9731EAE4}.Release|Any CPU.Build.0 = Release|Any CPU
		{C183728C-FD35-442F-BA76-37CE9731EAE4}.Release|iPhone.ActiveCfg = Release|Any CPU
		{C183728C-FD35-442F-BA76-37CE9731EAE4}.Release|iPhone.Build.0 = Release|Any CPU
		{C183728C-FD35-442F-BA76-37CE9731EAE4}.Release|iPhoneSimulator.ActiveCfg = Release|Any CPU
		{C183728C-FD35-442F-BA76-37CE9731EAE4}.Release|iPhoneSimulator.Build.0 = Release|Any CPU
	EndGlobalSection
EndGlobal
